// !$*UTF8*$!
{
	archiveVersion = 1;
	classes = {
	};
	objectVersion = 56;
	objects = {

/* Begin PBXBuildFile section */
		E9E9FD782B7339F100663BDD /* ios_memo_demoApp.swift in Sources */ = {isa = PBXBuildFile; fileRef = E9E9FD772B7339F100663BDD /* ios_memo_demoApp.swift */; };
		E9E9FD7A2B7339F100663BDD /* ContentView.swift in Sources */ = {isa = PBXBuildFile; fileRef = E9E9FD792B7339F100663BDD /* ContentView.swift */; };
		E9E9FD7C2B7339F200663BDD /* Assets.xcassets in Resources */ = {isa = PBXBuildFile; fileRef = E9E9FD7B2B7339F200663BDD /* Assets.xcassets */; };
		E9E9FD7F2B7339F200663BDD /* Preview Assets.xcassets in Resources */ = {isa = PBXBuildFile; fileRef = E9E9FD7E2B7339F200663BDD /* Preview Assets.xcassets */; };
		E9E9FD812B7339F200663BDD /* Persistence.swift in Sources */ = {isa = PBXBuildFile; fileRef = E9E9FD802B7339F200663BDD /* Persistence.swift */; };
		E9E9FD842B7339F200663BDD /* ios_memo_demo.xcdatamodeld in Sources */ = {isa = PBXBuildFile; fileRef = E9E9FD822B7339F200663BDD /* ios_memo_demo.xcdatamodeld */; };
		E9E9FD8E2B7339F300663BDD /* ios_memo_demoTests.swift in Sources */ = {isa = PBXBuildFile; fileRef = E9E9FD8D2B7339F300663BDD /* ios_memo_demoTests.swift */; };
		E9E9FD982B7339F300663BDD /* ios_memo_demoUITests.swift in Sources */ = {isa = PBXBuildFile; fileRef = E9E9FD972B7339F300663BDD /* ios_memo_demoUITests.swift */; };
		E9E9FD9A2B7339F300663BDD /* ios_memo_demoUITestsLaunchTests.swift in Sources */ = {isa = PBXBuildFile; fileRef = E9E9FD992B7339F300663BDD /* ios_memo_demoUITestsLaunchTests.swift */; };
/* End PBXBuildFile section */

/* Begin PBXContainerItemProxy section */
		E9E9FD8A2B7339F300663BDD /* PBXContainerItemProxy */ = {
			isa = PBXContainerItemProxy;
			containerPortal = E9E9FD6C2B7339F100663BDD /* Project object */;
			proxyType = 1;
			remoteGlobalIDString = E9E9FD732B7339F100663BDD;
			remoteInfo = "ios-memo-demo";
		};
		E9E9FD942B7339F300663BDD /* PBXContainerItemProxy */ = {
			isa = PBXContainerItemProxy;
			containerPortal = E9E9FD6C2B7339F100663BDD /* Project object */;
			proxyType = 1;
			remoteGlobalIDString = E9E9FD732B7339F100663BDD;
			remoteInfo = "ios-memo-demo";
		};
/* End PBXContainerItemProxy section */

/* Begin PBXFileReference section */
		E9E9FD742B7339F100663BDD /* ios-memo-demo.app */ = {isa = PBXFileReference; explicitFileType = wrapper.application; includeInIndex = 0; path = "ios-memo-demo.app"; sourceTree = BUILT_PRODUCTS_DIR; };
		E9E9FD772B7339F100663BDD /* ios_memo_demoApp.swift */ = {isa = PBXFileReference; lastKnownFileType = sourcecode.swift; path = ios_memo_demoApp.swift; sourceTree = "<group>"; };
		E9E9FD792B7339F100663BDD /* ContentView.swift */ = {isa = PBXFileReference; lastKnownFileType = sourcecode.swift; path = ContentView.swift; sourceTree = "<group>"; };
		E9E9FD7B2B7339F200663BDD /* Assets.xcassets */ = {isa = PBXFileReference; lastKnownFileType = folder.assetcatalog; path = Assets.xcassets; sourceTree = "<group>"; };
		E9E9FD7E2B7339F200663BDD /* Preview Assets.xcassets */ = {isa = PBXFileReference; lastKnownFileType = folder.assetcatalog; path = "Preview Assets.xcassets"; sourceTree = "<group>"; };
		E9E9FD802B7339F200663BDD /* Persistence.swift */ = {isa = PBXFileReference; lastKnownFileType = sourcecode.swift; path = Persistence.swift; sourceTree = "<group>"; };
		E9E9FD832B7339F200663BDD /* ios_memo_demo.xcdatamodel */ = {isa = PBXFileReference; lastKnownFileType = wrapper.xcdatamodel; path = ios_memo_demo.xcdatamodel; sourceTree = "<group>"; };
		E9E9FD892B7339F300663BDD /* ios-memo-demoTests.xctest */ = {isa = PBXFileReference; explicitFileType = wrapper.cfbundle; includeInIndex = 0; path = "ios-memo-demoTests.xctest"; sourceTree = BUILT_PRODUCTS_DIR; };
		E9E9FD8D2B7339F300663BDD /* ios_memo_demoTests.swift */ = {isa = PBXFileReference; lastKnownFileType = sourcecode.swift; path = ios_memo_demoTests.swift; sourceTree = "<group>"; };
		E9E9FD932B7339F300663BDD /* ios-memo-demoUITests.xctest */ = {isa = PBXFileReference; explicitFileType = wrapper.cfbundle; includeInIndex = 0; path = "ios-memo-demoUITests.xctest"; sourceTree = BUILT_PRODUCTS_DIR; };
		E9E9FD972B7339F300663BDD /* ios_memo_demoUITests.swift */ = {isa = PBXFileReference; lastKnownFileType = sourcecode.swift; path = ios_memo_demoUITests.swift; sourceTree = "<group>"; };
		E9E9FD992B7339F300663BDD /* ios_memo_demoUITestsLaunchTests.swift */ = {isa = PBXFileReference; lastKnownFileType = sourcecode.swift; path = ios_memo_demoUITestsLaunchTests.swift; sourceTree = "<group>"; };
/* End PBXFileReference section */

/* Begin PBXFrameworksBuildPhase section */
		E9E9FD712B7339F100663BDD /* Frameworks */ = {
			isa = PBXFrameworksBuildPhase;
			buildActionMask = 2147483647;
			files = (
			);
			runOnlyForDeploymentPostprocessing = 0;
		};
		E9E9FD862B7339F300663BDD /* Frameworks */ = {
			isa = PBXFrameworksBuildPhase;
			buildActionMask = 2147483647;
			files = (
			);
			runOnlyForDeploymentPostprocessing = 0;
		};
		E9E9FD902B7339F300663BDD /* Frameworks */ = {
			isa = PBXFrameworksBuildPhase;
			buildActionMask = 2147483647;
			files = (
			);
			runOnlyForDeploymentPostprocessing = 0;
		};
/* End PBXFrameworksBuildPhase section */

/* Begin PBXGroup section */
		E9E9FD6B2B7339F100663BDD = {
			isa = PBXGroup;
			children = (
				E9E9FD762B7339F100663BDD /* ios-memo-demo */,
				E9E9FD8C2B7339F300663BDD /* ios-memo-demoTests */,
				E9E9FD962B7339F300663BDD /* ios-memo-demoUITests */,
				E9E9FD752B7339F100663BDD /* Products */,
			);
			sourceTree = "<group>";
		};
		E9E9FD752B7339F100663BDD /* Products */ = {
			isa = PBXGroup;
			children = (
				E9E9FD742B7339F100663BDD /* ios-memo-demo.app */,
				E9E9FD892B7339F300663BDD /* ios-memo-demoTests.xctest */,
				E9E9FD932B7339F300663BDD /* ios-memo-demoUITests.xctest */,
			);
			name = Products;
			sourceTree = "<group>";
		};
		E9E9FD762B7339F100663BDD /* ios-memo-demo */ = {
			isa = PBXGroup;
			children = (
				E9E9FD772B7339F100663BDD /* ios_memo_demoApp.swift */,
				E9E9FD792B7339F100663BDD /* ContentView.swift */,
				E9E9FD7B2B7339F200663BDD /* Assets.xcassets */,
				E9E9FD802B7339F200663BDD /* Persistence.swift */,
				E9E9FD822B7339F200663BDD /* ios_memo_demo.xcdatamodeld */,
				E9E9FD7D2B7339F200663BDD /* Preview Content */,
			);
			path = "ios-memo-demo";
			sourceTree = "<group>";
		};
		E9E9FD7D2B7339F200663BDD /* Preview Content */ = {
			isa = PBXGroup;
			children = (
				E9E9FD7E2B7339F200663BDD /* Preview Assets.xcassets */,
			);
			path = "Preview Content";
			sourceTree = "<group>";
		};
		E9E9FD8C2B7339F300663BDD /* ios-memo-demoTests */ = {
			isa = PBXGroup;
			children = (
				E9E9FD8D2B7339F300663BDD /* ios_memo_demoTests.swift */,
			);
			path = "ios-memo-demoTests";
			sourceTree = "<group>";
		};
		E9E9FD962B7339F300663BDD /* ios-memo-demoUITests */ = {
			isa = PBXGroup;
			children = (
				E9E9FD972B7339F300663BDD /* ios_memo_demoUITests.swift */,
				E9E9FD992B7339F300663BDD /* ios_memo_demoUITestsLaunchTests.swift */,
			);
			path = "ios-memo-demoUITests";
			sourceTree = "<group>";
		};
/* End PBXGroup section */

/* Begin PBXNativeTarget section */
		E9E9FD732B7339F100663BDD /* ios-memo-demo */ = {
			isa = PBXNativeTarget;
			buildConfigurationList = E9E9FD9D2B7339F300663BDD /* Build configuration list for PBXNativeTarget "ios-memo-demo" */;
			buildPhases = (
				E9E9FD702B7339F100663BDD /* Sources */,
				E9E9FD712B7339F100663BDD /* Frameworks */,
				E9E9FD722B7339F100663BDD /* Resources */,
			);
			buildRules = (
			);
			dependencies = (
			);
			name = "ios-memo-demo";
			productName = "ios-memo-demo";
			productReference = E9E9FD742B7339F100663BDD /* ios-memo-demo.app */;
			productType = "com.apple.product-type.application";
		};
		E9E9FD882B7339F300663BDD /* ios-memo-demoTests */ = {
			isa = PBXNativeTarget;
			buildConfigurationList = E9E9FDA02B7339F300663BDD /* Build configuration list for PBXNativeTarget "ios-memo-demoTests" */;
			buildPhases = (
				E9E9FD852B7339F300663BDD /* Sources */,
				E9E9FD862B7339F300663BDD /* Frameworks */,
				E9E9FD872B7339F300663BDD /* Resources */,
			);
			buildRules = (
			);
			dependencies = (
				E9E9FD8B2B7339F300663BDD /* PBXTargetDependency */,
			);
			name = "ios-memo-demoTests";
			productName = "ios-memo-demoTests";
			productReference = E9E9FD892B7339F300663BDD /* ios-memo-demoTests.xctest */;
			productType = "com.apple.product-type.bundle.unit-test";
		};
		E9E9FD922B7339F300663BDD /* ios-memo-demoUITests */ = {
			isa = PBXNativeTarget;
			buildConfigurationList = E9E9FDA32B7339F300663BDD /* Build configuration list for PBXNativeTarget "ios-memo-demoUITests" */;
			buildPhases = (
				E9E9FD8F2B7339F300663BDD /* Sources */,
				E9E9FD902B7339F300663BDD /* Frameworks */,
				E9E9FD912B7339F300663BDD /* Resources */,
			);
			buildRules = (
			);
			dependencies = (
				E9E9FD952B7339F300663BDD /* PBXTargetDependency */,
			);
			name = "ios-memo-demoUITests";
			productName = "ios-memo-demoUITests";
			productReference = E9E9FD932B7339F300663BDD /* ios-memo-demoUITests.xctest */;
			productType = "com.apple.product-type.bundle.ui-testing";
		};
/* End PBXNativeTarget section */

/* Begin PBXProject section */
		E9E9FD6C2B7339F100663BDD /* Project object */ = {
			isa = PBXProject;
			attributes = {
				BuildIndependentTargetsInParallel = 1;
				LastSwiftUpdateCheck = 1520;
				LastUpgradeCheck = 1520;
				TargetAttributes = {
					E9E9FD732B7339F100663BDD = {
						CreatedOnToolsVersion = 15.2;
					};
					E9E9FD882B7339F300663BDD = {
						CreatedOnToolsVersion = 15.2;
						TestTargetID = E9E9FD732B7339F100663BDD;
					};
					E9E9FD922B7339F300663BDD = {
						CreatedOnToolsVersion = 15.2;
						TestTargetID = E9E9FD732B7339F100663BDD;
					};
				};
			};
			buildConfigurationList = E9E9FD6F2B7339F100663BDD /* Build configuration list for PBXProject "ios-memo-demo" */;
			compatibilityVersion = "Xcode 14.0";
			developmentRegion = en;
			hasScannedForEncodings = 0;
			knownRegions = (
				en,
				Base,
			);
			mainGroup = E9E9FD6B2B7339F100663BDD;
			productRefGroup = E9E9FD752B7339F100663BDD /* Products */;
			projectDirPath = "";
			projectRoot = "";
			targets = (
				E9E9FD732B7339F100663BDD /* ios-memo-demo */,
				E9E9FD882B7339F300663BDD /* ios-memo-demoTests */,
				E9E9FD922B7339F300663BDD /* ios-memo-demoUITests */,
			);
		};
/* End PBXProject section */

/* Begin PBXResourcesBuildPhase section */
		E9E9FD722B7339F100663BDD /* Resources */ = {
			isa = PBXResourcesBuildPhase;
			buildActionMask = 2147483647;
			files = (
				E9E9FD7F2B7339F200663BDD /* Preview Assets.xcassets in Resources */,
				E9E9FD7C2B7339F200663BDD /* Assets.xcassets in Resources */,
			);
			runOnlyForDeploymentPostprocessing = 0;
		};
		E9E9FD872B7339F300663BDD /* Resources */ = {
			isa = PBXResourcesBuildPhase;
			buildActionMask = 2147483647;
			files = (
			);
			runOnlyForDeploymentPostprocessing = 0;
		};
		E9E9FD912B7339F300663BDD /* Resources */ = {
			isa = PBXResourcesBuildPhase;
			buildActionMask = 2147483647;
			files = (
			);
			runOnlyForDeploymentPostprocessing = 0;
		};
/* End PBXResourcesBuildPhase section */

/* Begin PBXSourcesBuildPhase section */
		E9E9FD702B7339F100663BDD /* Sources */ = {
			isa = PBXSourcesBuildPhase;
			buildActionMask = 2147483647;
			files = (
				E9E9FD812B7339F200663BDD /* Persistence.swift in Sources */,
				E9E9FD7A2B7339F100663BDD /* ContentView.swift in Sources */,
				E9E9FD842B7339F200663BDD /* ios_memo_demo.xcdatamodeld in Sources */,
				E9E9FD782B7339F100663BDD /* ios_memo_demoApp.swift in Sources */,
			);
			runOnlyForDeploymentPostprocessing = 0;
		};
		E9E9FD852B7339F300663BDD /* Sources */ = {
			isa = PBXSourcesBuildPhase;
			buildActionMask = 2147483647;
			files = (
				E9E9FD8E2B7339F300663BDD /* ios_memo_demoTests.swift in Sources */,
			);
			runOnlyForDeploymentPostprocessing = 0;
		};
		E9E9FD8F2B7339F300663BDD /* Sources */ = {
			isa = PBXSourcesBuildPhase;
			buildActionMask = 2147483647;
			files = (
				E9E9FD982B7339F300663BDD /* ios_memo_demoUITests.swift in Sources */,
				E9E9FD9A2B7339F300663BDD /* ios_memo_demoUITestsLaunchTests.swift in Sources */,
			);
			runOnlyForDeploymentPostprocessing = 0;
		};
/* End PBXSourcesBuildPhase section */

/* Begin PBXTargetDependency section */
		E9E9FD8B2B7339F300663BDD /* PBXTargetDependency */ = {
			isa = PBXTargetDependency;
			target = E9E9FD732B7339F100663BDD /* ios-memo-demo */;
			targetProxy = E9E9FD8A2B7339F300663BDD /* PBXContainerItemProxy */;
		};
		E9E9FD952B7339F300663BDD /* PBXTargetDependency */ = {
			isa = PBXTargetDependency;
			target = E9E9FD732B7339F100663BDD /* ios-memo-demo */;
			targetProxy = E9E9FD942B7339F300663BDD /* PBXContainerItemProxy */;
		};
/* End PBXTargetDependency section */

/* Begin XCBuildConfiguration section */
		E9E9FD9B2B7339F300663BDD /* Debug */ = {
			isa = XCBuildConfiguration;
			buildSettings = {
				ALWAYS_SEARCH_USER_PATHS = NO;
				ASSETCATALOG_COMPILER_GENERATE_SWIFT_ASSET_SYMBOL_EXTENSIONS = YES;
				CLANG_ANALYZER_NONNULL = YES;
				CLANG_ANALYZER_NUMBER_OBJECT_CONVERSION = YES_AGGRESSIVE;
				CLANG_CXX_LANGUAGE_STANDARD = "gnu++20";
				CLANG_ENABLE_MODULES = YES;
				CLANG_ENABLE_OBJC_ARC = YES;
				CLANG_ENABLE_OBJC_WEAK = YES;
				CLANG_WARN_BLOCK_CAPTURE_AUTORELEASING = YES;
				CLANG_WARN_BOOL_CONVERSION = YES;
				CLANG_WARN_COMMA = YES;
				CLANG_WARN_CONSTANT_CONVERSION = YES;
				CLANG_WARN_DEPRECATED_OBJC_IMPLEMENTATIONS = YES;
				CLANG_WARN_DIRECT_OBJC_ISA_USAGE = YES_ERROR;
				CLANG_WARN_DOCUMENTATION_COMMENTS = YES;
				CLANG_WARN_EMPTY_BODY = YES;
				CLANG_WARN_ENUM_CONVERSION = YES;
				CLANG_WARN_INFINITE_RECURSION = YES;
				CLANG_WARN_INT_CONVERSION = YES;
				CLANG_WARN_NON_LITERAL_NULL_CONVERSION = YES;
				CLANG_WARN_OBJC_IMPLICIT_RETAIN_SELF = YES;
				CLANG_WARN_OBJC_LITERAL_CONVERSION = YES;
				CLANG_WARN_OBJC_ROOT_CLASS = YES_ERROR;
				CLANG_WARN_QUOTED_INCLUDE_IN_FRAMEWORK_HEADER = YES;
				CLANG_WARN_RANGE_LOOP_ANALYSIS = YES;
				CLANG_WARN_STRICT_PROTOTYPES = YES;
				CLANG_WARN_SUSPICIOUS_MOVE = YES;
				CLANG_WARN_UNGUARDED_AVAILABILITY = YES_AGGRESSIVE;
				CLANG_WARN_UNREACHABLE_CODE = YES;
				CLANG_WARN__DUPLICATE_METHOD_MATCH = YES;
				COPY_PHASE_STRIP = NO;
				DEBUG_INFORMATION_FORMAT = dwarf;
				ENABLE_STRICT_OBJC_MSGSEND = YES;
				ENABLE_TESTABILITY = YES;
				ENABLE_USER_SCRIPT_SANDBOXING = YES;
				GCC_C_LANGUAGE_STANDARD = gnu17;
				GCC_DYNAMIC_NO_PIC = NO;
				GCC_NO_COMMON_BLOCKS = YES;
				GCC_OPTIMIZATION_LEVEL = 0;
				GCC_PREPROCESSOR_DEFINITIONS = (
					"DEBUG=1",
					"$(inherited)",
				);
				GCC_WARN_64_TO_32_BIT_CONVERSION = YES;
				GCC_WARN_ABOUT_RETURN_TYPE = YES_ERROR;
				GCC_WARN_UNDECLARED_SELECTOR = YES;
				GCC_WARN_UNINITIALIZED_AUTOS = YES_AGGRESSIVE;
				GCC_WARN_UNUSED_FUNCTION = YES;
				GCC_WARN_UNUSED_VARIABLE = YES;
				IPHONEOS_DEPLOYMENT_TARGET = 17.2;
				LOCALIZATION_PREFERS_STRING_CATALOGS = YES;
				MTL_ENABLE_DEBUG_INFO = INCLUDE_SOURCE;
				MTL_FAST_MATH = YES;
				ONLY_ACTIVE_ARCH = YES;
				SDKROOT = iphoneos;
				SWIFT_ACTIVE_COMPILATION_CONDITIONS = "DEBUG $(inherited)";
				SWIFT_OPTIMIZATION_LEVEL = "-Onone";
			};
			name = Debug;
		};
		E9E9FD9C2B7339F300663BDD /* Release */ = {
			isa = XCBuildConfiguration;
			buildSettings = {
				ALWAYS_SEARCH_USER_PATHS = NO;
				ASSETCATALOG_COMPILER_GENERATE_SWIFT_ASSET_SYMBOL_EXTENSIONS = YES;
				CLANG_ANALYZER_NONNULL = YES;
				CLANG_ANALYZER_NUMBER_OBJECT_CONVERSION = YES_AGGRESSIVE;
				CLANG_CXX_LANGUAGE_STANDARD = "gnu++20";
				CLANG_ENABLE_MODULES = YES;
				CLANG_ENABLE_OBJC_ARC = YES;
				CLANG_ENABLE_OBJC_WEAK = YES;
				CLANG_WARN_BLOCK_CAPTURE_AUTORELEASING = YES;
				CLANG_WARN_BOOL_CONVERSION = YES;
				CLANG_WARN_COMMA = YES;
				CLANG_WARN_CONSTANT_CONVERSION = YES;
				CLANG_WARN_DEPRECATED_OBJC_IMPLEMENTATIONS = YES;
				CLANG_WARN_DIRECT_OBJC_ISA_USAGE = YES_ERROR;
				CLANG_WARN_DOCUMENTATION_COMMENTS = YES;
				CLANG_WARN_EMPTY_BODY = YES;
				CLANG_WARN_ENUM_CONVERSION = YES;
				CLANG_WARN_INFINITE_RECURSION = YES;
				CLANG_WARN_INT_CONVERSION = YES;
				CLANG_WARN_NON_LITERAL_NULL_CONVERSION = YES;
				CLANG_WARN_OBJC_IMPLICIT_RETAIN_SELF = YES;
				CLANG_WARN_OBJC_LITERAL_CONVERSION = YES;
				CLANG_WARN_OBJC_ROOT_CLASS = YES_ERROR;
				CLANG_WARN_QUOTED_INCLUDE_IN_FRAMEWORK_HEADER = YES;
				CLANG_WARN_RANGE_LOOP_ANALYSIS = YES;
				CLANG_WARN_STRICT_PROTOTYPES = YES;
				CLANG_WARN_SUSPICIOUS_MOVE = YES;
				CLANG_WARN_UNGUARDED_AVAILABILITY = YES_AGGRESSIVE;
				CLANG_WARN_UNREACHABLE_CODE = YES;
				CLANG_WARN__DUPLICATE_METHOD_MATCH = YES;
				COPY_PHASE_STRIP = NO;
				DEBUG_INFORMATION_FORMAT = "dwarf-with-dsym";
				ENABLE_NS_ASSERTIONS = NO;
				ENABLE_STRICT_OBJC_MSGSEND = YES;
				ENABLE_USER_SCRIPT_SANDBOXING = YES;
				GCC_C_LANGUAGE_STANDARD = gnu17;
				GCC_NO_COMMON_BLOCKS = YES;
				GCC_WARN_64_TO_32_BIT_CONVERSION = YES;
				GCC_WARN_ABOUT_RETURN_TYPE = YES_ERROR;
				GCC_WARN_UNDECLARED_SELECTOR = YES;
				GCC_WARN_UNINITIALIZED_AUTOS = YES_AGGRESSIVE;
				GCC_WARN_UNUSED_FUNCTION = YES;
				GCC_WARN_UNUSED_VARIABLE = YES;
				IPHONEOS_DEPLOYMENT_TARGET = 17.2;
				LOCALIZATION_PREFERS_STRING_CATALOGS = YES;
				MTL_ENABLE_DEBUG_INFO = NO;
				MTL_FAST_MATH = YES;
				SDKROOT = iphoneos;
				SWIFT_COMPILATION_MODE = wholemodule;
				VALIDATE_PRODUCT = YES;
			};
			name = Release;
		};
		E9E9FD9E2B7339F300663BDD /* Debug */ = {
			isa = XCBuildConfiguration;
			buildSettings = {
				ASSETCATALOG_COMPILER_APPICON_NAME = AppIcon;
				ASSETCATALOG_COMPILER_GLOBAL_ACCENT_COLOR_NAME = AccentColor;
				CODE_SIGN_STYLE = Automatic;
				CURRENT_PROJECT_VERSION = 1;
				DEVELOPMENT_ASSET_PATHS = "\"ios-memo-demo/Preview Content\"";
				DEVELOPMENT_TEAM = YBDBVZ6J2N;
				ENABLE_PREVIEWS = YES;
				GENERATE_INFOPLIST_FILE = YES;
				INFOPLIST_KEY_UIApplicationSceneManifest_Generation = YES;
				INFOPLIST_KEY_UIApplicationSupportsIndirectInputEvents = YES;
				INFOPLIST_KEY_UILaunchScreen_Generation = YES;
				INFOPLIST_KEY_UISupportedInterfaceOrientations_iPad = "UIInterfaceOrientationPortrait UIInterfaceOrientationPortraitUpsideDown UIInterfaceOrientationLandscapeLeft UIInterfaceOrientationLandscapeRight";
				INFOPLIST_KEY_UISupportedInterfaceOrientations_iPhone = "UIInterfaceOrientationPortrait UIInterfaceOrientationLandscapeLeft UIInterfaceOrientationLandscapeRight";
				LD_RUNPATH_SEARCH_PATHS = (
					"$(inherited)",
					"@executable_path/Frameworks",
				);
				MARKETING_VERSION = 1.0;
				PRODUCT_BUNDLE_IDENTIFIER = "ijproject.ios-memo-demo";
				PRODUCT_NAME = "$(TARGET_NAME)";
				SWIFT_EMIT_LOC_STRINGS = YES;
				SWIFT_VERSION = 5.0;
				TARGETED_DEVICE_FAMILY = "1,2";
			};
			name = Debug;
		};
		E9E9FD9F2B7339F300663BDD /* Release */ = {
			isa = XCBuildConfiguration;
			buildSettings = {
				ASSETCATALOG_COMPILER_APPICON_NAME = AppIcon;
				ASSETCATALOG_COMPILER_GLOBAL_ACCENT_COLOR_NAME = AccentColor;
				CODE_SIGN_STYLE = Automatic;
				CURRENT_PROJECT_VERSION = 1;
				DEVELOPMENT_ASSET_PATHS = "\"ios-memo-demo/Preview Content\"";
				DEVELOPMENT_TEAM = YBDBVZ6J2N;
				ENABLE_PREVIEWS = YES;
				GENERATE_INFOPLIST_FILE = YES;
				INFOPLIST_KEY_UIApplicationSceneManifest_Generation = YES;
				INFOPLIST_KEY_UIApplicationSupportsIndirectInputEvents = YES;
				INFOPLIST_KEY_UILaunchScreen_Generation = YES;
				INFOPLIST_KEY_UISupportedInterfaceOrientations_iPad = "UIInterfaceOrientationPortrait UIInterfaceOrientationPortraitUpsideDown UIInterfaceOrientationLandscapeLeft UIInterfaceOrientationLandscapeRight";
				INFOPLIST_KEY_UISupportedInterfaceOrientations_iPhone = "UIInterfaceOrientationPortrait UIInterfaceOrientationLandscapeLeft UIInterfaceOrientationLandscapeRight";
				LD_RUNPATH_SEARCH_PATHS = (
					"$(inherited)",
					"@executable_path/Frameworks",
				);
				MARKETING_VERSION = 1.0;
				PRODUCT_BUNDLE_IDENTIFIER = "ijproject.ios-memo-demo";
				PRODUCT_NAME = "$(TARGET_NAME)";
				SWIFT_EMIT_LOC_STRINGS = YES;
				SWIFT_VERSION = 5.0;
				TARGETED_DEVICE_FAMILY = "1,2";
			};
			name = Release;
		};
		E9E9FDA12B7339F300663BDD /* Debug */ = {
			isa = XCBuildConfiguration;
			buildSettings = {
				ALWAYS_EMBED_SWIFT_STANDARD_LIBRARIES = YES;
				BUNDLE_LOADER = "$(TEST_HOST)";
				CODE_SIGN_STYLE = Automatic;
				CURRENT_PROJECT_VERSION = 1;
				DEVELOPMENT_TEAM = YBDBVZ6J2N;
				GENERATE_INFOPLIST_FILE = YES;
				IPHONEOS_DEPLOYMENT_TARGET = 17.2;
				MARKETING_VERSION = 1.0;
				PRODUCT_BUNDLE_IDENTIFIER = "ijproject.ios-memo-demoTests";
				PRODUCT_NAME = "$(TARGET_NAME)";
				SWIFT_EMIT_LOC_STRINGS = NO;
				SWIFT_VERSION = 5.0;
				TARGETED_DEVICE_FAMILY = "1,2";
				TEST_HOST = "$(BUILT_PRODUCTS_DIR)/ios-memo-demo.app/$(BUNDLE_EXECUTABLE_FOLDER_PATH)/ios-memo-demo";
			};
			name = Debug;
		};
		E9E9FDA22B7339F300663BDD /* Release */ = {
			isa = XCBuildConfiguration;
			buildSettings = {
				ALWAYS_EMBED_SWIFT_STANDARD_LIBRARIES = YES;
				BUNDLE_LOADER = "$(TEST_HOST)";
				CODE_SIGN_STYLE = Automatic;
				CURRENT_PROJECT_VERSION = 1;
				DEVELOPMENT_TEAM = YBDBVZ6J2N;
				GENERATE_INFOPLIST_FILE = YES;
				IPHONEOS_DEPLOYMENT_TARGET = 17.2;
				MARKETING_VERSION = 1.0;
				PRODUCT_BUNDLE_IDENTIFIER = "ijproject.ios-memo-demoTests";
				PRODUCT_NAME = "$(TARGET_NAME)";
				SWIFT_EMIT_LOC_STRINGS = NO;
				SWIFT_VERSION = 5.0;
				TARGETED_DEVICE_FAMILY = "1,2";
				TEST_HOST = "$(BUILT_PRODUCTS_DIR)/ios-memo-demo.app/$(BUNDLE_EXECUTABLE_FOLDER_PATH)/ios-memo-demo";
			};
			name = Release;
		};
		E9E9FDA42B7339F300663BDD /* Debug */ = {
			isa = XCBuildConfiguration;
			buildSettings = {
				ALWAYS_EMBED_SWIFT_STANDARD_LIBRARIES = YES;
				CODE_SIGN_STYLE = Automatic;
				CURRENT_PROJECT_VERSION = 1;
				DEVELOPMENT_TEAM = YBDBVZ6J2N;
				GENERATE_INFOPLIST_FILE = YES;
				MARKETING_VERSION = 1.0;
				PRODUCT_BUNDLE_IDENTIFIER = "ijproject.ios-memo-demoUITests";
				PRODUCT_NAME = "$(TARGET_NAME)";
				SWIFT_EMIT_LOC_STRINGS = NO;
				SWIFT_VERSION = 5.0;
				TARGETED_DEVICE_FAMILY = "1,2";
				TEST_TARGET_NAME = "ios-memo-demo";
			};
			name = Debug;
		};
		E9E9FDA52B7339F300663BDD /* Release */ = {
			isa = XCBuildConfiguration;
			buildSettings = {
				ALWAYS_EMBED_SWIFT_STANDARD_LIBRARIES = YES;
				CODE_SIGN_STYLE = Automatic;
				CURRENT_PROJECT_VERSION = 1;
				DEVELOPMENT_TEAM = YBDBVZ6J2N;
				GENERATE_INFOPLIST_FILE = YES;
				MARKETING_VERSION = 1.0;
				PRODUCT_BUNDLE_IDENTIFIER = "ijproject.ios-memo-demoUITests";
				PRODUCT_NAME = "$(TARGET_NAME)";
				SWIFT_EMIT_LOC_STRINGS = NO;
				SWIFT_VERSION = 5.0;
				TARGETED_DEVICE_FAMILY = "1,2";
				TEST_TARGET_NAME = "ios-memo-demo";
			};
			name = Release;
		};
/* End XCBuildConfiguration section */

/* Begin XCConfigurationList section */
		E9E9FD6F2B7339F100663BDD /* Build configuration list for PBXProject "ios-memo-demo" */ = {
			isa = XCConfigurationList;
			buildConfigurations = (
				E9E9FD9B2B7339F300663BDD /* Debug */,
				E9E9FD9C2B7339F300663BDD /* Release */,
			);
			defaultConfigurationIsVisible = 0;
			defaultConfigurationName = Release;
		};
		E9E9FD9D2B7339F300663BDD /* Build configuration list for PBXNativeTarget "ios-memo-demo" */ = {
			isa = XCConfigurationList;
			buildConfigurations = (
				E9E9FD9E2B7339F300663BDD /* Debug */,
				E9E9FD9F2B7339F300663BDD /* Release */,
			);
			defaultConfigurationIsVisible = 0;
			defaultConfigurationName = Release;
		};
		E9E9FDA02B7339F300663BDD /* Build configuration list for PBXNativeTarget "ios-memo-demoTests" */ = {
			isa = XCConfigurationList;
			buildConfigurations = (
				E9E9FDA12B7339F300663BDD /* Debug */,
				E9E9FDA22B7339F300663BDD /* Release */,
			);
			defaultConfigurationIsVisible = 0;
			defaultConfigurationName = Release;
		};
		E9E9FDA32B7339F300663BDD /* Build configuration list for PBXNativeTarget "ios-memo-demoUITests" */ = {
			isa = XCConfigurationList;
			buildConfigurations = (
				E9E9FDA42B7339F300663BDD /* Debug */,
				E9E9FDA52B7339F300663BDD /* Release */,
			);
			defaultConfigurationIsVisible = 0;
			defaultConfigurationName = Release;
		};
/* End XCConfigurationList section */

/* Begin XCVersionGroup section */
		E9E9FD822B7339F200663BDD /* ios_memo_demo.xcdatamodeld */ = {
			isa = XCVersionGroup;
			children = (
				E9E9FD832B7339F200663BDD /* ios_memo_demo.xcdatamodel */,
			);
			currentVersion = E9E9FD832B7339F200663BDD /* ios_memo_demo.xcdatamodel */;
			path = ios_memo_demo.xcdatamodeld;
			sourceTree = "<group>";
			versionGroupType = wrapper.xcdatamodel;
		};
/* End XCVersionGroup section */
	};
	rootObject = E9E9FD6C2B7339F100663BDD /* Project object */;
}
